// !$*UTF8*$!
{
	archiveVersion = 1;
	classes = {
	};
	objectVersion = 48;
	objects = {

/* Begin PBXBuildFile section */
		273E46292727242008DBBF3E /* Pods_FlickrCancellableSearch.framework in Frameworks */ = {isa = PBXBuildFile; fileRef = 481C05D6279889603699956F /* Pods_FlickrCancellableSearch.framework */; };
		474BDEBA20ECBB5B007451D5 /* AppDelegate.swift in Sources */ = {isa = PBXBuildFile; fileRef = 474BDEB920ECBB5B007451D5 /* AppDelegate.swift */; };
		474BDEBF20ECBB5B007451D5 /* Main.storyboard in Resources */ = {isa = PBXBuildFile; fileRef = 474BDEBD20ECBB5B007451D5 /* Main.storyboard */; };
		474BDEC120ECBB5B007451D5 /* Assets.xcassets in Resources */ = {isa = PBXBuildFile; fileRef = 474BDEC020ECBB5B007451D5 /* Assets.xcassets */; };
		474BDEC420ECBB5B007451D5 /* LaunchScreen.storyboard in Resources */ = {isa = PBXBuildFile; fileRef = 474BDEC220ECBB5B007451D5 /* LaunchScreen.storyboard */; };
		474BDECC20ECBDA0007451D5 /* SearchViewController.swift in Sources */ = {isa = PBXBuildFile; fileRef = 474BDECB20ECBDA0007451D5 /* SearchViewController.swift */; };
		474BDECF20ECCE7A007451D5 /* FlickrJSON.swift in Sources */ = {isa = PBXBuildFile; fileRef = 474BDECE20ECCE7A007451D5 /* FlickrJSON.swift */; };
		474BDED120ECCEC6007451D5 /* FlickrPhoto.swift in Sources */ = {isa = PBXBuildFile; fileRef = 474BDED020ECCEC6007451D5 /* FlickrPhoto.swift */; };
		474BDED320ECCEFB007451D5 /* FlickrPhotoList.swift in Sources */ = {isa = PBXBuildFile; fileRef = 474BDED220ECCEFB007451D5 /* FlickrPhotoList.swift */; };
		474BDED620ECD033007451D5 /* FlickrDataManager.swift in Sources */ = {isa = PBXBuildFile; fileRef = 474BDED520ECD033007451D5 /* FlickrDataManager.swift */; };
		474BDEDA20ECE5FB007451D5 /* SearchResultTableViewCell.swift in Sources */ = {isa = PBXBuildFile; fileRef = 474BDED920ECE5FB007451D5 /* SearchResultTableViewCell.swift */; };
/* End PBXBuildFile section */

/* Begin PBXFileReference section */
		1D0648B089498C5173804294 /* Pods-FlickrCancellableSearch.debug.xcconfig */ = {isa = PBXFileReference; includeInIndex = 1; lastKnownFileType = text.xcconfig; name = "Pods-FlickrCancellableSearch.debug.xcconfig"; path = "Pods/Target Support Files/Pods-FlickrCancellableSearch/Pods-FlickrCancellableSearch.debug.xcconfig"; sourceTree = "<group>"; };
		2F6A3801A81F63E952481F0D /* Pods-FlickrCancellableSearch.release.xcconfig */ = {isa = PBXFileReference; includeInIndex = 1; lastKnownFileType = text.xcconfig; name = "Pods-FlickrCancellableSearch.release.xcconfig"; path = "Pods/Target Support Files/Pods-FlickrCancellableSearch/Pods-FlickrCancellableSearch.release.xcconfig"; sourceTree = "<group>"; };
		474BDEB620ECBB5B007451D5 /* FlickrCancellableSearch.app */ = {isa = PBXFileReference; explicitFileType = wrapper.application; includeInIndex = 0; path = FlickrCancellableSearch.app; sourceTree = BUILT_PRODUCTS_DIR; };
		474BDEB920ECBB5B007451D5 /* AppDelegate.swift */ = {isa = PBXFileReference; lastKnownFileType = sourcecode.swift; path = AppDelegate.swift; sourceTree = "<group>"; };
		474BDEBE20ECBB5B007451D5 /* Base */ = {isa = PBXFileReference; lastKnownFileType = file.storyboard; name = Base; path = Base.lproj/Main.storyboard; sourceTree = "<group>"; };
		474BDEC020ECBB5B007451D5 /* Assets.xcassets */ = {isa = PBXFileReference; lastKnownFileType = folder.assetcatalog; path = Assets.xcassets; sourceTree = "<group>"; };
		474BDEC320ECBB5B007451D5 /* Base */ = {isa = PBXFileReference; lastKnownFileType = file.storyboard; name = Base; path = Base.lproj/LaunchScreen.storyboard; sourceTree = "<group>"; };
		474BDEC520ECBB5B007451D5 /* Info.plist */ = {isa = PBXFileReference; lastKnownFileType = text.plist.xml; path = Info.plist; sourceTree = "<group>"; };
		474BDECB20ECBDA0007451D5 /* SearchViewController.swift */ = {isa = PBXFileReference; lastKnownFileType = sourcecode.swift; path = SearchViewController.swift; sourceTree = "<group>"; };
		474BDECE20ECCE7A007451D5 /* FlickrJSON.swift */ = {isa = PBXFileReference; lastKnownFileType = sourcecode.swift; path = FlickrJSON.swift; sourceTree = "<group>"; };
		474BDED020ECCEC6007451D5 /* FlickrPhoto.swift */ = {isa = PBXFileReference; lastKnownFileType = sourcecode.swift; path = FlickrPhoto.swift; sourceTree = "<group>"; };
		474BDED220ECCEFB007451D5 /* FlickrPhotoList.swift */ = {isa = PBXFileReference; lastKnownFileType = sourcecode.swift; path = FlickrPhotoList.swift; sourceTree = "<group>"; };
		474BDED520ECD033007451D5 /* FlickrDataManager.swift */ = {isa = PBXFileReference; lastKnownFileType = sourcecode.swift; path = FlickrDataManager.swift; sourceTree = "<group>"; };
		474BDED920ECE5FB007451D5 /* SearchResultTableViewCell.swift */ = {isa = PBXFileReference; lastKnownFileType = sourcecode.swift; path = SearchResultTableViewCell.swift; sourceTree = "<group>"; };
		481C05D6279889603699956F /* Pods_FlickrCancellableSearch.framework */ = {isa = PBXFileReference; explicitFileType = wrapper.framework; includeInIndex = 0; path = Pods_FlickrCancellableSearch.framework; sourceTree = BUILT_PRODUCTS_DIR; };
/* End PBXFileReference section */

/* Begin PBXFrameworksBuildPhase section */
		474BDEB320ECBB5B007451D5 /* Frameworks */ = {
			isa = PBXFrameworksBuildPhase;
			buildActionMask = 2147483647;
			files = (
				273E46292727242008DBBF3E /* Pods_FlickrCancellableSearch.framework in Frameworks */,
			);
			runOnlyForDeploymentPostprocessing = 0;
		};
/* End PBXFrameworksBuildPhase section */

/* Begin PBXGroup section */
		474BDEAD20ECBB5B007451D5 = {
			isa = PBXGroup;
			children = (
				474BDEB820ECBB5B007451D5 /* FlickrCancellableSearch */,
				474BDEB720ECBB5B007451D5 /* Products */,
				5748AE5997CD13672810FFF4 /* Pods */,
				E1DEE6CC003581A539079F83 /* Frameworks */,
			);
			sourceTree = "<group>";
		};
		474BDEB720ECBB5B007451D5 /* Products */ = {
			isa = PBXGroup;
			children = (
				474BDEB620ECBB5B007451D5 /* FlickrCancellableSearch.app */,
			);
			name = Products;
			sourceTree = "<group>";
		};
		474BDEB820ECBB5B007451D5 /* FlickrCancellableSearch */ = {
			isa = PBXGroup;
			children = (
				474BDED420ECD00F007451D5 /* Network */,
				474BDECD20ECCE50007451D5 /* JSONParser */,
				474BDEB920ECBB5B007451D5 /* AppDelegate.swift */,
				474BDEBD20ECBB5B007451D5 /* Main.storyboard */,
				474BDEC020ECBB5B007451D5 /* Assets.xcassets */,
				474BDEC220ECBB5B007451D5 /* LaunchScreen.storyboard */,
				474BDEC520ECBB5B007451D5 /* Info.plist */,
				474BDECB20ECBDA0007451D5 /* SearchViewController.swift */,
				474BDED920ECE5FB007451D5 /* SearchResultTableViewCell.swift */,
			);
			path = FlickrCancellableSearch;
			sourceTree = "<group>";
		};
		474BDECD20ECCE50007451D5 /* JSONParser */ = {
			isa = PBXGroup;
			children = (
				474BDECE20ECCE7A007451D5 /* FlickrJSON.swift */,
				474BDED020ECCEC6007451D5 /* FlickrPhoto.swift */,
				474BDED220ECCEFB007451D5 /* FlickrPhotoList.swift */,
			);
			path = JSONParser;
			sourceTree = "<group>";
		};
		474BDED420ECD00F007451D5 /* Network */ = {
			isa = PBXGroup;
			children = (
				474BDED520ECD033007451D5 /* FlickrDataManager.swift */,
			);
			path = Network;
			sourceTree = "<group>";
		};
		5748AE5997CD13672810FFF4 /* Pods */ = {
			isa = PBXGroup;
			children = (
				1D0648B089498C5173804294 /* Pods-FlickrCancellableSearch.debug.xcconfig */,
				2F6A3801A81F63E952481F0D /* Pods-FlickrCancellableSearch.release.xcconfig */,
			);
			name = Pods;
			sourceTree = "<group>";
		};
		E1DEE6CC003581A539079F83 /* Frameworks */ = {
			isa = PBXGroup;
			children = (
				481C05D6279889603699956F /* Pods_FlickrCancellableSearch.framework */,
			);
			name = Frameworks;
			sourceTree = "<group>";
		};
/* End PBXGroup section */

/* Begin PBXNativeTarget section */
		474BDEB520ECBB5B007451D5 /* FlickrCancellableSearch */ = {
			isa = PBXNativeTarget;
			buildConfigurationList = 474BDEC820ECBB5B007451D5 /* Build configuration list for PBXNativeTarget "FlickrCancellableSearch" */;
			buildPhases = (
				E02743DA9FA1C76A3E8806FE /* [CP] Check Pods Manifest.lock */,
				474BDEB220ECBB5B007451D5 /* Sources */,
				474BDEB320ECBB5B007451D5 /* Frameworks */,
				474BDEB420ECBB5B007451D5 /* Resources */,
				31E4ACE3EEC057200990F960 /* [CP] Embed Pods Frameworks */,
			);
			buildRules = (
			);
			dependencies = (
			);
			name = FlickrCancellableSearch;
			productName = FlickrCancellableSearch;
			productReference = 474BDEB620ECBB5B007451D5 /* FlickrCancellableSearch.app */;
			productType = "com.apple.product-type.application";
		};
/* End PBXNativeTarget section */

/* Begin PBXProject section */
		474BDEAE20ECBB5B007451D5 /* Project object */ = {
			isa = PBXProject;
			attributes = {
				LastSwiftUpdateCheck = 0920;
				LastUpgradeCheck = 0920;
				ORGANIZATIONNAME = "Anil Saini";
				TargetAttributes = {
					474BDEB520ECBB5B007451D5 = {
						CreatedOnToolsVersion = 9.2;
						ProvisioningStyle = Automatic;
					};
				};
			};
			buildConfigurationList = 474BDEB120ECBB5B007451D5 /* Build configuration list for PBXProject "FlickrCancellableSearch" */;
			compatibilityVersion = "Xcode 8.0";
			developmentRegion = en;
			hasScannedForEncodings = 0;
			knownRegions = (
				en,
				Base,
			);
			mainGroup = 474BDEAD20ECBB5B007451D5;
			productRefGroup = 474BDEB720ECBB5B007451D5 /* Products */;
			projectDirPath = "";
			projectRoot = "";
			targets = (
				474BDEB520ECBB5B007451D5 /* FlickrCancellableSearch */,
			);
		};
/* End PBXProject section */

/* Begin PBXResourcesBuildPhase section */
		474BDEB420ECBB5B007451D5 /* Resources */ = {
			isa = PBXResourcesBuildPhase;
			buildActionMask = 2147483647;
			files = (
				474BDEC420ECBB5B007451D5 /* LaunchScreen.storyboard in Resources */,
				474BDEC120ECBB5B007451D5 /* Assets.xcassets in Resources */,
				474BDEBF20ECBB5B007451D5 /* Main.storyboard in Resources */,
			);
			runOnlyForDeploymentPostprocessing = 0;
		};
/* End PBXResourcesBuildPhase section */

/* Begin PBXShellScriptBuildPhase section */
		31E4ACE3EEC057200990F960 /* [CP] Embed Pods Frameworks */ = {
			isa = PBXShellScriptBuildPhase;
			buildActionMask = 2147483647;
			files = (
			);
			inputPaths = (
				"${SRCROOT}/Pods/Target Support Files/Pods-FlickrCancellableSearch/Pods-FlickrCancellableSearch-frameworks.sh",
				"${BUILT_PRODUCTS_DIR}/SDWebImage/SDWebImage.framework",
			);
			name = "[CP] Embed Pods Frameworks";
			outputPaths = (
				"${TARGET_BUILD_DIR}/${FRAMEWORKS_FOLDER_PATH}/SDWebImage.framework",
			);
			runOnlyForDeploymentPostprocessing = 0;
			shellPath = /bin/sh;
			shellScript = "\"${SRCROOT}/Pods/Target Support Files/Pods-FlickrCancellableSearch/Pods-FlickrCancellableSearch-frameworks.sh\"\n";
			showEnvVarsInLog = 0;
		};
		E02743DA9FA1C76A3E8806FE /* [CP] Check Pods Manifest.lock */ = {
			isa = PBXShellScriptBuildPhase;
			buildActionMask = 2147483647;
			files = (
			);
			inputPaths = (
				"${PODS_PODFILE_DIR_PATH}/Podfile.lock",
				"${PODS_ROOT}/Manifest.lock",
			);
			name = "[CP] Check Pods Manifest.lock";
			outputPaths = (
				"$(DERIVED_FILE_DIR)/Pods-FlickrCancellableSearch-checkManifestLockResult.txt",
			);
			runOnlyForDeploymentPostprocessing = 0;
			shellPath = /bin/sh;
			shellScript = "diff \"${PODS_PODFILE_DIR_PATH}/Podfile.lock\" \"${PODS_ROOT}/Manifest.lock\" > /dev/null\nif [ $? != 0 ] ; then\n    # print error to STDERR\n    echo \"error: The sandbox is not in sync with the Podfile.lock. Run 'pod install' or update your CocoaPods installation.\" >&2\n    exit 1\nfi\n# This output is used by Xcode 'outputs' to avoid re-running this script phase.\necho \"SUCCESS\" > \"${SCRIPT_OUTPUT_FILE_0}\"\n";
			showEnvVarsInLog = 0;
		};
/* End PBXShellScriptBuildPhase section */

/* Begin PBXSourcesBuildPhase section */
		474BDEB220ECBB5B007451D5 /* Sources */ = {
			isa = PBXSourcesBuildPhase;
			buildActionMask = 2147483647;
			files = (
				474BDEDA20ECE5FB007451D5 /* SearchResultTableViewCell.swift in Sources */,
				474BDED320ECCEFB007451D5 /* FlickrPhotoList.swift in Sources */,
				474BDECC20ECBDA0007451D5 /* SearchViewController.swift in Sources */,
				474BDED620ECD033007451D5 /* FlickrDataManager.swift in Sources */,
				474BDED120ECCEC6007451D5 /* FlickrPhoto.swift in Sources */,
				474BDECF20ECCE7A007451D5 /* FlickrJSON.swift in Sources */,
				474BDEBA20ECBB5B007451D5 /* AppDelegate.swift in Sources */,
			);
			runOnlyForDeploymentPostprocessing = 0;
		};
/* End PBXSourcesBuildPhase section */

/* Begin PBXVariantGroup section */
		474BDEBD20ECBB5B007451D5 /* Main.storyboard */ = {
			isa = PBXVariantGroup;
			children = (
				474BDEBE20ECBB5B007451D5 /* Base */,
			);
			name = Main.storyboard;
			sourceTree = "<group>";
		};
		474BDEC220ECBB5B007451D5 /* LaunchScreen.storyboard */ = {
			isa = PBXVariantGroup;
			children = (
				474BDEC320ECBB5B007451D5 /* Base */,
			);
			name = LaunchScreen.storyboard;
			sourceTree = "<group>";
		};
/* End PBXVariantGroup section */

/* Begin XCBuildConfiguration section */
		474BDEC620ECBB5B007451D5 /* Debug */ = {
			isa = XCBuildConfiguration;
			buildSettings = {
				ALWAYS_SEARCH_USER_PATHS = NO;
				CLANG_ANALYZER_NONNULL = YES;
				CLANG_ANALYZER_NUMBER_OBJECT_CONVERSION = YES_AGGRESSIVE;
				CLANG_CXX_LANGUAGE_STANDARD = "gnu++14";
				CLANG_CXX_LIBRARY = "libc++";
				CLANG_ENABLE_MODULES = YES;
				CLANG_ENABLE_OBJC_ARC = YES;
				CLANG_WARN_BLOCK_CAPTURE_AUTORELEASING = YES;
				CLANG_WARN_BOOL_CONVERSION = YES;
				CLANG_WARN_COMMA = YES;
				CLANG_WARN_CONSTANT_CONVERSION = YES;
				CLANG_WARN_DIRECT_OBJC_ISA_USAGE = YES_ERROR;
				CLANG_WARN_DOCUMENTATION_COMMENTS = YES;
				CLANG_WARN_EMPTY_BODY = YES;
				CLANG_WARN_ENUM_CONVERSION = YES;
				CLANG_WARN_INFINITE_RECURSION = YES;
				CLANG_WARN_INT_CONVERSION = YES;
				CLANG_WARN_NON_LITERAL_NULL_CONVERSION = YES;
				CLANG_WARN_OBJC_LITERAL_CONVERSION = YES;
				CLANG_WARN_OBJC_ROOT_CLASS = YES_ERROR;
				CLANG_WARN_RANGE_LOOP_ANALYSIS = YES;
				CLANG_WARN_STRICT_PROTOTYPES = YES;
				CLANG_WARN_SUSPICIOUS_MOVE = YES;
				CLANG_WARN_UNGUARDED_AVAILABILITY = YES_AGGRESSIVE;
				CLANG_WARN_UNREACHABLE_CODE = YES;
				CLANG_WARN__DUPLICATE_METHOD_MATCH = YES;
				CODE_SIGN_IDENTITY = "iPhone Developer";
				COPY_PHASE_STRIP = NO;
				DEBUG_INFORMATION_FORMAT = dwarf;
				ENABLE_STRICT_OBJC_MSGSEND = YES;
				ENABLE_TESTABILITY = YES;
				GCC_C_LANGUAGE_STANDARD = gnu11;
				GCC_DYNAMIC_NO_PIC = NO;
				GCC_NO_COMMON_BLOCKS = YES;
				GCC_OPTIMIZATION_LEVEL = 0;
				GCC_PREPROCESSOR_DEFINITIONS = (
					"DEBUG=1",
					"$(inherited)",
				);
				GCC_WARN_64_TO_32_BIT_CONVERSION = YES;
				GCC_WARN_ABOUT_RETURN_TYPE = YES_ERROR;
				GCC_WARN_UNDECLARED_SELECTOR = YES;
				GCC_WARN_UNINITIALIZED_AUTOS = YES_AGGRESSIVE;
				GCC_WARN_UNUSED_FUNCTION = YES;
				GCC_WARN_UNUSED_VARIABLE = YES;
				IPHONEOS_DEPLOYMENT_TARGET = 11.2;
				MTL_ENABLE_DEBUG_INFO = YES;
				ONLY_ACTIVE_ARCH = YES;
				SDKROOT = iphoneos;
				SWIFT_ACTIVE_COMPILATION_CONDITIONS = DEBUG;
				SWIFT_OPTIMIZATION_LEVEL = "-Onone";
			};
			name = Debug;
		};
		474BDEC720ECBB5B007451D5 /* Release */ = {
			isa = XCBuildConfiguration;
			buildSettings = {
				ALWAYS_SEARCH_USER_PATHS = NO;
				CLANG_ANALYZER_NONNULL = YES;
				CLANG_ANALYZER_NUMBER_OBJECT_CONVERSION = YES_AGGRESSIVE;
				CLANG_CXX_LANGUAGE_STANDARD = "gnu++14";
				CLANG_CXX_LIBRARY = "libc++";
				CLANG_ENABLE_MODULES = YES;
				CLANG_ENABLE_OBJC_ARC = YES;
				CLANG_WARN_BLOCK_CAPTURE_AUTORELEASING = YES;
				CLANG_WARN_BOOL_CONVERSION = YES;
				CLANG_WARN_COMMA = YES;
				CLANG_WARN_CONSTANT_CONVERSION = YES;
				CLANG_WARN_DIRECT_OBJC_ISA_USAGE = YES_ERROR;
				CLANG_WARN_DOCUMENTATION_COMMENTS = YES;
				CLANG_WARN_EMPTY_BODY = YES;
				CLANG_WARN_ENUM_CONVERSION = YES;
				CLANG_WARN_INFINITE_RECURSION = YES;
				CLANG_WARN_INT_CONVERSION = YES;
				CLANG_WARN_NON_LITERAL_NULL_CONVERSION = YES;
				CLANG_WARN_OBJC_LITERAL_CONVERSION = YES;
				CLANG_WARN_OBJC_ROOT_CLASS = YES_ERROR;
				CLANG_WARN_RANGE_LOOP_ANALYSIS = YES;
				CLANG_WARN_STRICT_PROTOTYPES = YES;
				CLANG_WARN_SUSPICIOUS_MOVE = YES;
				CLANG_WARN_UNGUARDED_AVAILABILITY = YES_AGGRESSIVE;
				CLANG_WARN_UNREACHABLE_CODE = YES;
				CLANG_WARN__DUPLICATE_METHOD_MATCH = YES;
				CODE_SIGN_IDENTITY = "iPhone Developer";
				COPY_PHASE_STRIP = NO;
				DEBUG_INFORMATION_FORMAT = "dwarf-with-dsym";
				ENABLE_NS_ASSERTIONS = NO;
				ENABLE_STRICT_OBJC_MSGSEND = YES;
				GCC_C_LANGUAGE_STANDARD = gnu11;
				GCC_NO_COMMON_BLOCKS = YES;
				GCC_WARN_64_TO_32_BIT_CONVERSION = YES;
				GCC_WARN_ABOUT_RETURN_TYPE = YES_ERROR;
				GCC_WARN_UNDECLARED_SELECTOR = YES;
				GCC_WARN_UNINITIALIZED_AUTOS = YES_AGGRESSIVE;
				GCC_WARN_UNUSED_FUNCTION = YES;
				GCC_WARN_UNUSED_VARIABLE = YES;
				IPHONEOS_DEPLOYMENT_TARGET = 11.2;
				MTL_ENABLE_DEBUG_INFO = NO;
				SDKROOT = iphoneos;
				SWIFT_OPTIMIZATION_LEVEL = "-Owholemodule";
				VALIDATE_PRODUCT = YES;
			};
			name = Release;
		};
		474BDEC920ECBB5B007451D5 /* Debug */ = {
			isa = XCBuildConfiguration;
			baseConfigurationReference = 1D0648B089498C5173804294 /* Pods-FlickrCancellableSearch.debug.xcconfig */;
			buildSettings = {
				ASSETCATALOG_COMPILER_APPICON_NAME = AppIcon;
				CODE_SIGN_STYLE = Automatic;
				DEVELOPMENT_TEAM = SX7M4V5CFB;
				INFOPLIST_FILE = FlickrCancellableSearch/Info.plist;
				LD_RUNPATH_SEARCH_PATHS = "$(inherited) @executable_path/Frameworks";
				PRODUCT_BUNDLE_IDENTIFIER = com.saini.FlickrCancellableSearch;
				PRODUCT_NAME = "$(TARGET_NAME)";
				SWIFT_VERSION = 4.0;
				TARGETED_DEVICE_FAMILY = "1,2";
			};
			name = Debug;
		};
		474BDECA20ECBB5B007451D5 /* Release */ = {
			isa = XCBuildConfiguration;
			baseConfigurationReference = 2F6A3801A81F63E952481F0D /* Pods-FlickrCancellableSearch.release.xcconfig */;
			buildSettings = {
				ASSETCATALOG_COMPILER_APPICON_NAME = AppIcon;
				CODE_SIGN_STYLE = Automatic;
				DEVELOPMENT_TEAM = SX7M4V5CFB;
				INFOPLIST_FILE = FlickrCancellableSearch/Info.plist;
				LD_RUNPATH_SEARCH_PATHS = "$(inherited) @executable_path/Frameworks";
				PRODUCT_BUNDLE_IDENTIFIER = com.saini.FlickrCancellableSearch;
				PRODUCT_NAME = "$(TARGET_NAME)";
				SWIFT_VERSION = 4.0;
				TARGETED_DEVICE_FAMILY = "1,2";
			};
			name = Release;
		};
/* End XCBuildConfiguration section */

/* Begin XCConfigurationList section */
		474BDEB120ECBB5B007451D5 /* Build configuration list for PBXProject "FlickrCancellableSearch" */ = {
			isa = XCConfigurationList;
			buildConfigurations = (
				474BDEC620ECBB5B007451D5 /* Debug */,
				474BDEC720ECBB5B007451D5 /* Release */,
			);
			defaultConfigurationIsVisible = 0;
			defaultConfigurationName = Release;
		};
		474BDEC820ECBB5B007451D5 /* Build configuration list for PBXNativeTarget "FlickrCancellableSearch" */ = {
			isa = XCConfigurationList;
			buildConfigurations = (
				474BDEC920ECBB5B007451D5 /* Debug */,
				474BDECA20ECBB5B007451D5 /* Release */,
			);
			defaultConfigurationIsVisible = 0;
			defaultConfigurationName = Release;
		};
/* End XCConfigurationList section */
	};
	rootObject = 474BDEAE20ECBB5B007451D5 /* Project object */;
}
